
Microsoft Visual Studio Solution File, Format Version 12.00
# Visual Studio 15
VisualStudioVersion = 15.0.27004.2002
MinimumVisualStudioVersion = 10.0.40219.1
Project("{9A19103F-16F7-4668-BE54-9A1E7A4F7556}") = "RedBear.LogDNA.Extensions.Logging", "Logging\RedBear.LogDNA.Extensions.Logging.csproj", "{D9F6F376-8679-46C4-ACBB-7D01B3F84F50}"
EndProject
Project("{FAE04EC0-301F-11D3-BF4B-00C04F79EFBC}") = "UnitTests", "UnitTests\UnitTests.csproj", "{D61579AF-22FA-4180-AB76-9F1244597ABE}"
EndProject
Global
	GlobalSection(SolutionConfigurationPlatforms) = preSolution
		Debug|Any CPU = Debug|Any CPU
		Release|Any CPU = Release|Any CPU
	EndGlobalSection
	GlobalSection(ProjectConfigurationPlatforms) = postSolution
		{D9F6F376-8679-46C4-ACBB-7D01B3F84F50}.Debug|Any CPU.ActiveCfg = Debug|Any CPU
		{D9F6F376-8679-46C4-ACBB-7D01B3F84F50}.Debug|Any CPU.Build.0 = Debug|Any CPU
		{D9F6F376-8679-46C4-ACBB-7D01B3F84F50}.Release|Any CPU.ActiveCfg = Release|Any CPU
		{D9F6F376-8679-46C4-ACBB-7D01B3F84F50}.Release|Any CPU.Build.0 = Release|Any CPU
		{D61579AF-22FA-4180-AB76-9F1244597ABE}.Debug|Any CPU.ActiveCfg = Debug|Any CPU
		{D61579AF-22FA-4180-AB76-9F1244597ABE}.Debug|Any CPU.Build.0 = Debug|Any CPU
		{D61579AF-22FA-4180-AB76-9F1244597ABE}.Release|Any CPU.ActiveCfg = Release|Any CPU
		{D61579AF-22FA-4180-AB76-9F1244597ABE}.Release|Any CPU.Build.0 = Release|Any CPU
	EndGlobalSection
	GlobalSection(SolutionProperties) = preSolution
		HideSolutionNode = FALSE
	EndGlobalSection
	GlobalSection(ExtensibilityGlobals) = postSolution
		SolutionGuid = {24C20FBF-2BBD-49ED-8530-C7B74CB2A032}
	EndGlobalSection
EndGlobal
